{
  "name": "flexin-bows-app",
  "version": "1.0.0",
  "lockfileVersion": 1,
  "requires": true,
  "dependencies": {
    "lazysizes": {
      "version": "4.1.4",
      "resolved": "https://registry.npmjs.org/lazysizes/-/lazysizes-4.1.4.tgz",
      "integrity": "sha512-jVplgeHHoQ6a2RZtxCAKFAnm6QPQmEIKq4JWSTI1XfCBhn+CqDgMKWDJO81f8VtVBdAlHs+BzP2WGzMLUi3oFg=="
    },
    "picturefill": {
      "version": "3.0.2",
      "resolved": "https://registry.npmjs.org/picturefill/-/picturefill-3.0.2.tgz",
      "integrity": "sha1-+j01//vvWrUwD+KtncqPLjbLons="
    },
    "reset-css": {
      "version": "4.0.1",
      "resolved": "https://registry.npmjs.org/reset-css/-/reset-css-4.0.1.tgz",
      "integrity": "sha512-aQFi5IxXVegVTfz0hOmXsPSmc8tlPDQOkfatHfPu3Cm6id7UXM4OzXfsaUWJEgV2yrCngsagpIb3wHXPjKAx+Q=="
    },
    "siema": {
      "version": "1.5.1",
      "resolved": "https://registry.npmjs.org/siema/-/siema-1.5.1.tgz",
      "integrity": "sha1-7/MSt36DQPpNgdXQU+u+uRE/+Ig="
    }
  }
}
